
Microsoft Visual Studio Solution File, Format Version 12.00
# Visual Studio Version 17
VisualStudioVersion = 17.12.35506.116
MinimumVisualStudioVersion = 10.0.40219.1
Project("{FAE04EC0-301F-11D3-BF4B-00C04F79EFBC}") = "Korn.Utils.PEImageReader", "Korn.Utils.PEImageReader\Korn.Utils.PEImageReader.csproj", "{1622C972-6276-4310-9607-F5D6F399BD19}"
EndProject
Project("{FAE04EC0-301F-11D3-BF4B-00C04F79EFBC}") = "Console", "Console\Console.csproj", "{E52BAA2A-9287-4075-A925-FBAEA7A06C17}"
EndProject
Project("{2150E333-8FDC-42A3-9474-1A3956D46DE8}") = "Korn", "Korn", "{12CF4080-B12C-436A-95C9-0C94C3AC77F0}"
EndProject
Project("{FAE04EC0-301F-11D3-BF4B-00C04F79EFBC}") = "Korn.Logger", "..\Korn.Logger\Korn.Logger\Korn.Logger.csproj", "{A9C3BA72-0A0B-45CF-BEC8-B1B0DECD229F}"
EndProject
Project("{FAE04EC0-301F-11D3-BF4B-00C04F79EFBC}") = "Korn.Shared", "..\Korn.Shared\Korn.Shared\Korn.Shared.csproj", "{70CEE44D-848F-4C50-B685-72784A8D6D30}"
EndProject
Project("{FAE04EC0-301F-11D3-BF4B-00C04F79EFBC}") = "Korn.Shared.Internal", "..\Korn.Shared.Internal\Korn.Shared.Internal\Korn.Shared.Internal.csproj", "{E19BD039-631B-4C53-A75B-476C54CCA20E}"
EndProject
Project("{FAE04EC0-301F-11D3-BF4B-00C04F79EFBC}") = "Korn.Interface", "..\Korn.Interface\Korn.Interface\Korn.Interface.csproj", "{0E2BE946-8C56-494E-912D-2B8E12EF69A4}"
EndProject
Global
	GlobalSection(SolutionConfigurationPlatforms) = preSolution
		Debug|x64 = Debug|x64
	EndGlobalSection
	GlobalSection(ProjectConfigurationPlatforms) = postSolution
		{1622C972-6276-4310-9607-F5D6F399BD19}.Debug|x64.ActiveCfg = Debug|x64
		{1622C972-6276-4310-9607-F5D6F399BD19}.Debug|x64.Build.0 = Debug|x64
		{E52BAA2A-9287-4075-A925-FBAEA7A06C17}.Debug|x64.ActiveCfg = Debug|x64
		{E52BAA2A-9287-4075-A925-FBAEA7A06C17}.Debug|x64.Build.0 = Debug|x64
		{A9C3BA72-0A0B-45CF-BEC8-B1B0DECD229F}.Debug|x64.ActiveCfg = Debug|x64
		{A9C3BA72-0A0B-45CF-BEC8-B1B0DECD229F}.Debug|x64.Build.0 = Debug|x64
		{70CEE44D-848F-4C50-B685-72784A8D6D30}.Debug|x64.ActiveCfg = Debug|x64
		{70CEE44D-848F-4C50-B685-72784A8D6D30}.Debug|x64.Build.0 = Debug|x64
		{E19BD039-631B-4C53-A75B-476C54CCA20E}.Debug|x64.ActiveCfg = Debug|x64
		{E19BD039-631B-4C53-A75B-476C54CCA20E}.Debug|x64.Build.0 = Debug|x64
		{0E2BE946-8C56-494E-912D-2B8E12EF69A4}.Debug|x64.ActiveCfg = Debug|x64
		{0E2BE946-8C56-494E-912D-2B8E12EF69A4}.Debug|x64.Build.0 = Debug|x64
	EndGlobalSection
	GlobalSection(SolutionProperties) = preSolution
		HideSolutionNode = FALSE
	EndGlobalSection
	GlobalSection(NestedProjects) = preSolution
		{A9C3BA72-0A0B-45CF-BEC8-B1B0DECD229F} = {12CF4080-B12C-436A-95C9-0C94C3AC77F0}
		{70CEE44D-848F-4C50-B685-72784A8D6D30} = {12CF4080-B12C-436A-95C9-0C94C3AC77F0}
		{E19BD039-631B-4C53-A75B-476C54CCA20E} = {12CF4080-B12C-436A-95C9-0C94C3AC77F0}
		{0E2BE946-8C56-494E-912D-2B8E12EF69A4} = {12CF4080-B12C-436A-95C9-0C94C3AC77F0}
	EndGlobalSection
EndGlobal
